
Microsoft Visual Studio Solution File, Format Version 12.00
# Visual Studio Version 16
VisualStudioVersion = 25.0.1706.4
MinimumVisualStudioVersion = 10.0.40219.1
Project("{FAE04EC0-301F-11D3-BF4B-00C04F79EFBC}") = "hh", "hh\hh.csproj", "{3FA33CDD-3273-4E3C-9734-2A09D44CA824}"
EndProject
Global
	GlobalSection(SolutionConfigurationPlatforms) = preSolution
		Debug|Any CPU = Debug|Any CPU
		Release|Any CPU = Release|Any CPU
	EndGlobalSection
	GlobalSection(ProjectConfigurationPlatforms) = postSolution
		{3FA33CDD-3273-4E3C-9734-2A09D44CA824}.Debug|Any CPU.ActiveCfg = Debug|Any CPU
		{3FA33CDD-3273-4E3C-9734-2A09D44CA824}.Debug|Any CPU.Build.0 = Debug|Any CPU
		{3FA33CDD-3273-4E3C-9734-2A09D44CA824}.Release|Any CPU.ActiveCfg = Release|Any CPU
		{3FA33CDD-3273-4E3C-9734-2A09D44CA824}.Release|Any CPU.Build.0 = Release|Any CPU
	EndGlobalSection
	GlobalSection(SolutionProperties) = preSolution
		HideSolutionNode = FALSE
	EndGlobalSection
	GlobalSection(ExtensibilityGlobals) = postSolution
		SolutionGuid = {79D352F1-ED6A-494E-B774-E52B32EF6CA7}
	EndGlobalSection
EndGlobal
